
Microsoft Visual Studio Solution File, Format Version 12.00
# Visual Studio Version 16
VisualStudioVersion = 16.0.31911.196
MinimumVisualStudioVersion = 10.0.40219.1
Project("{8BC9CEB8-8B4A-11D0-8D11-00A0C91BC942}") = "Online Shop", "Online Shop.vcxproj", "{D377EA27-3CA7-4F75-BED6-529E7C990ECB}"
EndProject
Global
	GlobalSection(SolutionConfigurationPlatforms) = preSolution
		Debug|x64 = Debug|x64
		Debug|x86 = Debug|x86
		Release|x64 = Release|x64
		Release|x86 = Release|x86
	EndGlobalSection
	GlobalSection(ProjectConfigurationPlatforms) = postSolution
		{D377EA27-3CA7-4F75-BED6-529E7C990ECB}.Debug|x64.ActiveCfg = Debug|x64
		{D377EA27-3CA7-4F75-BED6-529E7C990ECB}.Debug|x64.Build.0 = Debug|x64
		{D377EA27-3CA7-4F75-BED6-529E7C990ECB}.Debug|x86.ActiveCfg = Debug|Win32
		{D377EA27-3CA7-4F75-BED6-529E7C990ECB}.Debug|x86.Build.0 = Debug|Win32
		{D377EA27-3CA7-4F75-BED6-529E7C990ECB}.Release|x64.ActiveCfg = Release|x64
		{D377EA27-3CA7-4F75-BED6-529E7C990ECB}.Release|x64.Build.0 = Release|x64
		{D377EA27-3CA7-4F75-BED6-529E7C990ECB}.Release|x86.ActiveCfg = Release|Win32
		{D377EA27-3CA7-4F75-BED6-529E7C990ECB}.Release|x86.Build.0 = Release|Win32
	EndGlobalSection
	GlobalSection(SolutionProperties) = preSolution
		HideSolutionNode = FALSE
	EndGlobalSection
	GlobalSection(ExtensibilityGlobals) = postSolution
		SolutionGuid = {A4CC44CE-0C98-4E1A-BDC1-08D2E20D30C9}
	EndGlobalSection
EndGlobal
